
Microsoft Visual Studio Solution File, Format Version 12.00
# Visual Studio Version 16
VisualStudioVersion = 16.0.31702.278
MinimumVisualStudioVersion = 10.0.40219.1
Project("{FAE04EC0-301F-11D3-BF4B-00C04F79EFBC}") = "DesignPattern_Factory", "DesignPattern_Factory.csproj", "{2ED06393-19B9-4993-8ED0-E72389C47715}"
EndProject
Project("{FAE04EC0-301F-11D3-BF4B-00C04F79EFBC}") = "DesignPattern_FactoryTests", "..\DesignPattern_FactoryTests\DesignPattern_FactoryTests.csproj", "{B40A517E-D192-4840-A55C-C4E7A0ADE8C7}"
EndProject
Global
	GlobalSection(SolutionConfigurationPlatforms) = preSolution
		Debug|Any CPU = Debug|Any CPU
		Release|Any CPU = Release|Any CPU
	EndGlobalSection
	GlobalSection(ProjectConfigurationPlatforms) = postSolution
		{2ED06393-19B9-4993-8ED0-E72389C47715}.Debug|Any CPU.ActiveCfg = Debug|Any CPU
		{2ED06393-19B9-4993-8ED0-E72389C47715}.Debug|Any CPU.Build.0 = Debug|Any CPU
		{2ED06393-19B9-4993-8ED0-E72389C47715}.Release|Any CPU.ActiveCfg = Release|Any CPU
		{2ED06393-19B9-4993-8ED0-E72389C47715}.Release|Any CPU.Build.0 = Release|Any CPU
		{B40A517E-D192-4840-A55C-C4E7A0ADE8C7}.Debug|Any CPU.ActiveCfg = Debug|Any CPU
		{B40A517E-D192-4840-A55C-C4E7A0ADE8C7}.Debug|Any CPU.Build.0 = Debug|Any CPU
		{B40A517E-D192-4840-A55C-C4E7A0ADE8C7}.Release|Any CPU.ActiveCfg = Release|Any CPU
		{B40A517E-D192-4840-A55C-C4E7A0ADE8C7}.Release|Any CPU.Build.0 = Release|Any CPU
	EndGlobalSection
	GlobalSection(SolutionProperties) = preSolution
		HideSolutionNode = FALSE
	EndGlobalSection
	GlobalSection(ExtensibilityGlobals) = postSolution
		SolutionGuid = {11409FBB-AD65-4925-902B-296D5345AFC3}
	EndGlobalSection
EndGlobal
